
Microsoft Visual Studio Solution File, Format Version 12.00
# Visual Studio Version 17
VisualStudioVersion = 17.8.34525.116
MinimumVisualStudioVersion = 10.0.40219.1
Project("{8BC9CEB8-8B4A-11D0-8D11-00A0C91BC942}") = "CppPractise", "CppPractise\CppPractise.vcxproj", "{762808EE-807C-4A32-902A-F45B4944C8B6}"
EndProject
Global
	GlobalSection(SolutionConfigurationPlatforms) = preSolution
		Debug|x64 = Debug|x64
		Debug|x86 = Debug|x86
		Release|x64 = Release|x64
		Release|x86 = Release|x86
	EndGlobalSection
	GlobalSection(ProjectConfigurationPlatforms) = postSolution
		{762808EE-807C-4A32-902A-F45B4944C8B6}.Debug|x64.ActiveCfg = Debug|x64
		{762808EE-807C-4A32-902A-F45B4944C8B6}.Debug|x64.Build.0 = Debug|x64
		{762808EE-807C-4A32-902A-F45B4944C8B6}.Debug|x86.ActiveCfg = Debug|Win32
		{762808EE-807C-4A32-902A-F45B4944C8B6}.Debug|x86.Build.0 = Debug|Win32
		{762808EE-807C-4A32-902A-F45B4944C8B6}.Release|x64.ActiveCfg = Release|x64
		{762808EE-807C-4A32-902A-F45B4944C8B6}.Release|x64.Build.0 = Release|x64
		{762808EE-807C-4A32-902A-F45B4944C8B6}.Release|x86.ActiveCfg = Release|Win32
		{762808EE-807C-4A32-902A-F45B4944C8B6}.Release|x86.Build.0 = Release|Win32
	EndGlobalSection
	GlobalSection(SolutionProperties) = preSolution
		HideSolutionNode = FALSE
	EndGlobalSection
	GlobalSection(ExtensibilityGlobals) = postSolution
		SolutionGuid = {09EA2E18-B95F-4523-946D-E8A347667585}
	EndGlobalSection
EndGlobal
